// !$*UTF8*$!
{
	archiveVersion = 1;
	classes = {
	};
	objectVersion = 46;
	objects = {

/* Begin PBXBuildFile section */
		3FFFA30A194406C800668C5E /* Foundation.framework in Frameworks */ = {isa = PBXBuildFile; fileRef = 3FFFA309194406C800668C5E /* Foundation.framework */; };
		3FFFA30C194406C800668C5E /* CoreGraphics.framework in Frameworks */ = {isa = PBXBuildFile; fileRef = 3FFFA30B194406C800668C5E /* CoreGraphics.framework */; };
		3FFFA30E194406C800668C5E /* UIKit.framework in Frameworks */ = {isa = PBXBuildFile; fileRef = 3FFFA30D194406C800668C5E /* UIKit.framework */; };
		3FFFA314194406C900668C5E /* InfoPlist.strings in Resources */ = {isa = PBXBuildFile; fileRef = 3FFFA312194406C900668C5E /* InfoPlist.strings */; };
		3FFFA316194406C900668C5E /* main.m in Sources */ = {isa = PBXBuildFile; fileRef = 3FFFA315194406C900668C5E /* main.m */; };
		3FFFA31A194406C900668C5E /* AppDelegate.m in Sources */ = {isa = PBXBuildFile; fileRef = 3FFFA319194406C900668C5E /* AppDelegate.m */; };
		3FFFA31C194406C900668C5E /* Images.xcassets in Resources */ = {isa = PBXBuildFile; fileRef = 3FFFA31B194406C900668C5E /* Images.xcassets */; };
		3FFFA323194406C900668C5E /* XCTest.framework in Frameworks */ = {isa = PBXBuildFile; fileRef = 3FFFA322194406C900668C5E /* XCTest.framework */; };
		3FFFA324194406C900668C5E /* Foundation.framework in Frameworks */ = {isa = PBXBuildFile; fileRef = 3FFFA309194406C800668C5E /* Foundation.framework */; };
		3FFFA325194406C900668C5E /* UIKit.framework in Frameworks */ = {isa = PBXBuildFile; fileRef = 3FFFA30D194406C800668C5E /* UIKit.framework */; };
		3FFFA32D194406C900668C5E /* InfoPlist.strings in Resources */ = {isa = PBXBuildFile; fileRef = 3FFFA32B194406C900668C5E /* InfoPlist.strings */; };
		3FFFA32F194406C900668C5E /* weibo_demoTests.m in Sources */ = {isa = PBXBuildFile; fileRef = 3FFFA32E194406C900668C5E /* weibo_demoTests.m */; };
		3FFFA33A194406E600668C5E /* RootViewController.m in Sources */ = {isa = PBXBuildFile; fileRef = 3FFFA339194406E600668C5E /* RootViewController.m */; };
		3FFFA33F194407EB00668C5E /* libWeiboSDK.a in Frameworks */ = {isa = PBXBuildFile; fileRef = 3FFFA33C194407EB00668C5E /* libWeiboSDK.a */; };
		3FFFA340194407EB00668C5E /* WeiboSDK.bundle in Resources */ = {isa = PBXBuildFile; fileRef = 3FFFA33D194407EB00668C5E /* WeiboSDK.bundle */; };
		3FFFA34219442AE000668C5E /* File in Resources */ = {isa = PBXBuildFile; fileRef = 3FFFA34119442AE000668C5E /* File */; };
/* End PBXBuildFile section */

/* Begin PBXContainerItemProxy section */
		3FFFA326194406C900668C5E /* PBXContainerItemProxy */ = {
			isa = PBXContainerItemProxy;
			containerPortal = 3FFFA2FE194406C800668C5E /* Project object */;
			proxyType = 1;
			remoteGlobalIDString = 3FFFA305194406C800668C5E;
			remoteInfo = weibo_demo;
		};
/* End PBXContainerItemProxy section */

/* Begin PBXFileReference section */
		3FFFA306194406C800668C5E /* weibo_demo.app */ = {isa = PBXFileReference; explicitFileType = wrapper.application; includeInIndex = 0; path = weibo_demo.app; sourceTree = BUILT_PRODUCTS_DIR; };
		3FFFA309194406C800668C5E /* Foundation.framework */ = {isa = PBXFileReference; lastKnownFileType = wrapper.framework; name = Foundation.framework; path = System/Library/Frameworks/Foundation.framework; sourceTree = SDKROOT; };
		3FFFA30B194406C800668C5E /* CoreGraphics.framework */ = {isa = PBXFileReference; lastKnownFileType = wrapper.framework; name = CoreGraphics.framework; path = System/Library/Frameworks/CoreGraphics.framework; sourceTree = SDKROOT; };
		3FFFA30D194406C800668C5E /* UIKit.framework */ = {isa = PBXFileReference; lastKnownFileType = wrapper.framework; name = UIKit.framework; path = System/Library/Frameworks/UIKit.framework; sourceTree = SDKROOT; };
		3FFFA311194406C900668C5E /* weibo_demo-Info.plist */ = {isa = PBXFileReference; lastKnownFileType = text.plist.xml; path = "weibo_demo-Info.plist"; sourceTree = "<group>"; };
		3FFFA313194406C900668C5E /* en */ = {isa = PBXFileReference; lastKnownFileType = text.plist.strings; name = en; path = en.lproj/InfoPlist.strings; sourceTree = "<group>"; };
		3FFFA315194406C900668C5E /* main.m */ = {isa = PBXFileReference; lastKnownFileType = sourcecode.c.objc; path = main.m; sourceTree = "<group>"; };
		3FFFA317194406C900668C5E /* weibo_demo-Prefix.pch */ = {isa = PBXFileReference; lastKnownFileType = sourcecode.c.h; path = "weibo_demo-Prefix.pch"; sourceTree = "<group>"; };
		3FFFA318194406C900668C5E /* AppDelegate.h */ = {isa = PBXFileReference; lastKnownFileType = sourcecode.c.h; path = AppDelegate.h; sourceTree = "<group>"; };
		3FFFA319194406C900668C5E /* AppDelegate.m */ = {isa = PBXFileReference; lastKnownFileType = sourcecode.c.objc; path = AppDelegate.m; sourceTree = "<group>"; };
		3FFFA31B194406C900668C5E /* Images.xcassets */ = {isa = PBXFileReference; lastKnownFileType = folder.assetcatalog; path = Images.xcassets; sourceTree = "<group>"; };
		3FFFA321194406C900668C5E /* weibo_demoTests.xctest */ = {isa = PBXFileReference; explicitFileType = wrapper.cfbundle; includeInIndex = 0; path = weibo_demoTests.xctest; sourceTree = BUILT_PRODUCTS_DIR; };
		3FFFA322194406C900668C5E /* XCTest.framework */ = {isa = PBXFileReference; lastKnownFileType = wrapper.framework; name = XCTest.framework; path = Library/Frameworks/XCTest.framework; sourceTree = DEVELOPER_DIR; };
		3FFFA32A194406C900668C5E /* weibo_demoTests-Info.plist */ = {isa = PBXFileReference; lastKnownFileType = text.plist.xml; path = "weibo_demoTests-Info.plist"; sourceTree = "<group>"; };
		3FFFA32C194406C900668C5E /* en */ = {isa = PBXFileReference; lastKnownFileType = text.plist.strings; name = en; path = en.lproj/InfoPlist.strings; sourceTree = "<group>"; };
		3FFFA32E194406C900668C5E /* weibo_demoTests.m */ = {isa = PBXFileReference; lastKnownFileType = sourcecode.c.objc; path = weibo_demoTests.m; sourceTree = "<group>"; };
		3FFFA338194406E600668C5E /* RootViewController.h */ = {isa = PBXFileReference; fileEncoding = 4; lastKnownFileType = sourcecode.c.h; path = RootViewController.h; sourceTree = "<group>"; };
		3FFFA339194406E600668C5E /* RootViewController.m */ = {isa = PBXFileReference; fileEncoding = 4; lastKnownFileType = sourcecode.c.objc; path = RootViewController.m; sourceTree = "<group>"; };
		3FFFA33C194407EB00668C5E /* libWeiboSDK.a */ = {isa = PBXFileReference; lastKnownFileType = archive.ar; path = libWeiboSDK.a; sourceTree = "<group>"; };
		3FFFA33D194407EB00668C5E /* WeiboSDK.bundle */ = {isa = PBXFileReference; lastKnownFileType = "wrapper.plug-in"; path = WeiboSDK.bundle; sourceTree = "<group>"; };
		3FFFA33E194407EB00668C5E /* WeiboSDK.h */ = {isa = PBXFileReference; fileEncoding = 4; lastKnownFileType = sourcecode.c.h; path = WeiboSDK.h; sourceTree = "<group>"; };
		3FFFA34119442AE000668C5E /* File */ = {isa = PBXFileReference; fileEncoding = 4; lastKnownFileType = text; path = File; sourceTree = "<group>"; };
/* End PBXFileReference section */

/* Begin PBXFrameworksBuildPhase section */
		3FFFA303194406C800668C5E /* Frameworks */ = {
			isa = PBXFrameworksBuildPhase;
			buildActionMask = 2147483647;
			files = (
				3FFFA30C194406C800668C5E /* CoreGraphics.framework in Frameworks */,
				3FFFA30E194406C800668C5E /* UIKit.framework in Frameworks */,
				3FFFA30A194406C800668C5E /* Foundation.framework in Frameworks */,
				3FFFA33F194407EB00668C5E /* libWeiboSDK.a in Frameworks */,
			);
			runOnlyForDeploymentPostprocessing = 0;
		};
		3FFFA31E194406C900668C5E /* Frameworks */ = {
			isa = PBXFrameworksBuildPhase;
			buildActionMask = 2147483647;
			files = (
				3FFFA323194406C900668C5E /* XCTest.framework in Frameworks */,
				3FFFA325194406C900668C5E /* UIKit.framework in Frameworks */,
				3FFFA324194406C900668C5E /* Foundation.framework in Frameworks */,
			);
			runOnlyForDeploymentPostprocessing = 0;
		};
/* End PBXFrameworksBuildPhase section */

/* Begin PBXGroup section */
		3FFFA2FD194406C800668C5E = {
			isa = PBXGroup;
			children = (
				3FFFA30F194406C800668C5E /* weibo_demo */,
				3FFFA328194406C900668C5E /* weibo_demoTests */,
				3FFFA308194406C800668C5E /* Frameworks */,
				3FFFA307194406C800668C5E /* Products */,
			);
			sourceTree = "<group>";
		};
		3FFFA307194406C800668C5E /* Products */ = {
			isa = PBXGroup;
			children = (
				3FFFA306194406C800668C5E /* weibo_demo.app */,
				3FFFA321194406C900668C5E /* weibo_demoTests.xctest */,
			);
			name = Products;
			sourceTree = "<group>";
		};
		3FFFA308194406C800668C5E /* Frameworks */ = {
			isa = PBXGroup;
			children = (
				3FFFA309194406C800668C5E /* Foundation.framework */,
				3FFFA30B194406C800668C5E /* CoreGraphics.framework */,
				3FFFA30D194406C800668C5E /* UIKit.framework */,
				3FFFA322194406C900668C5E /* XCTest.framework */,
			);
			name = Frameworks;
			sourceTree = "<group>";
		};
		3FFFA30F194406C800668C5E /* weibo_demo */ = {
			isa = PBXGroup;
			children = (
				3FFFA33B194407EB00668C5E /* libWeiboSDK */,
				3FFFA318194406C900668C5E /* AppDelegate.h */,
				3FFFA319194406C900668C5E /* AppDelegate.m */,
				3FFFA338194406E600668C5E /* RootViewController.h */,
				3FFFA339194406E600668C5E /* RootViewController.m */,
				3FFFA31B194406C900668C5E /* Images.xcassets */,
				3FFFA310194406C900668C5E /* Supporting Files */,
				3FFFA34119442AE000668C5E /* File */,
			);
			path = weibo_demo;
			sourceTree = "<group>";
		};
		3FFFA310194406C900668C5E /* Supporting Files */ = {
			isa = PBXGroup;
			children = (
				3FFFA311194406C900668C5E /* weibo_demo-Info.plist */,
				3FFFA312194406C900668C5E /* InfoPlist.strings */,
				3FFFA315194406C900668C5E /* main.m */,
				3FFFA317194406C900668C5E /* weibo_demo-Prefix.pch */,
			);
			name = "Supporting Files";
			sourceTree = "<group>";
		};
		3FFFA328194406C900668C5E /* weibo_demoTests */ = {
			isa = PBXGroup;
			children = (
				3FFFA32E194406C900668C5E /* weibo_demoTests.m */,
				3FFFA329194406C900668C5E /* Supporting Files */,
			);
			path = weibo_demoTests;
			sourceTree = "<group>";
		};
		3FFFA329194406C900668C5E /* Supporting Files */ = {
			isa = PBXGroup;
			children = (
				3FFFA32A194406C900668C5E /* weibo_demoTests-Info.plist */,
				3FFFA32B194406C900668C5E /* InfoPlist.strings */,
			);
			name = "Supporting Files";
			sourceTree = "<group>";
		};
		3FFFA33B194407EB00668C5E /* libWeiboSDK */ = {
			isa = PBXGroup;
			children = (
				3FFFA33C194407EB00668C5E /* libWeiboSDK.a */,
				3FFFA33D194407EB00668C5E /* WeiboSDK.bundle */,
				3FFFA33E194407EB00668C5E /* WeiboSDK.h */,
			);
			path = libWeiboSDK;
			sourceTree = "<group>";
		};
/* End PBXGroup section */

/* Begin PBXNativeTarget section */
		3FFFA305194406C800668C5E /* weibo_demo */ = {
			isa = PBXNativeTarget;
			buildConfigurationList = 3FFFA332194406C900668C5E /* Build configuration list for PBXNativeTarget "weibo_demo" */;
			buildPhases = (
				3FFFA302194406C800668C5E /* Sources */,
				3FFFA303194406C800668C5E /* Frameworks */,
				3FFFA304194406C800668C5E /* Resources */,
			);
			buildRules = (
			);
			dependencies = (
			);
			name = weibo_demo;
			productName = weibo_demo;
			productReference = 3FFFA306194406C800668C5E /* weibo_demo.app */;
			productType = "com.apple.product-type.application";
		};
		3FFFA320194406C900668C5E /* weibo_demoTests */ = {
			isa = PBXNativeTarget;
			buildConfigurationList = 3FFFA335194406C900668C5E /* Build configuration list for PBXNativeTarget "weibo_demoTests" */;
			buildPhases = (
				3FFFA31D194406C900668C5E /* Sources */,
				3FFFA31E194406C900668C5E /* Frameworks */,
				3FFFA31F194406C900668C5E /* Resources */,
			);
			buildRules = (
			);
			dependencies = (
				3FFFA327194406C900668C5E /* PBXTargetDependency */,
			);
			name = weibo_demoTests;
			productName = weibo_demoTests;
			productReference = 3FFFA321194406C900668C5E /* weibo_demoTests.xctest */;
			productType = "com.apple.product-type.bundle.unit-test";
		};
/* End PBXNativeTarget section */

/* Begin PBXProject section */
		3FFFA2FE194406C800668C5E /* Project object */ = {
			isa = PBXProject;
			attributes = {
				LastUpgradeCheck = 0500;
				ORGANIZATIONNAME = yh;
				TargetAttributes = {
					3FFFA320194406C900668C5E = {
						TestTargetID = 3FFFA305194406C800668C5E;
					};
				};
			};
			buildConfigurationList = 3FFFA301194406C800668C5E /* Build configuration list for PBXProject "weibo_demo" */;
			compatibilityVersion = "Xcode 3.2";
			developmentRegion = English;
			hasScannedForEncodings = 0;
			knownRegions = (
				en,
			);
			mainGroup = 3FFFA2FD194406C800668C5E;
			productRefGroup = 3FFFA307194406C800668C5E /* Products */;
			projectDirPath = "";
			projectRoot = "";
			targets = (
				3FFFA305194406C800668C5E /* weibo_demo */,
				3FFFA320194406C900668C5E /* weibo_demoTests */,
			);
		};
/* End PBXProject section */

/* Begin PBXResourcesBuildPhase section */
		3FFFA304194406C800668C5E /* Resources */ = {
			isa = PBXResourcesBuildPhase;
			buildActionMask = 2147483647;
			files = (
				3FFFA34219442AE000668C5E /* File in Resources */,
				3FFFA314194406C900668C5E /* InfoPlist.strings in Resources */,
				3FFFA31C194406C900668C5E /* Images.xcassets in Resources */,
				3FFFA340194407EB00668C5E /* WeiboSDK.bundle in Resources */,
			);
			runOnlyForDeploymentPostprocessing = 0;
		};
		3FFFA31F194406C900668C5E /* Resources */ = {
			isa = PBXResourcesBuildPhase;
			buildActionMask = 2147483647;
			files = (
				3FFFA32D194406C900668C5E /* InfoPlist.strings in Resources */,
			);
			runOnlyForDeploymentPostprocessing = 0;
		};
/* End PBXResourcesBuildPhase section */

/* Begin PBXSourcesBuildPhase section */
		3FFFA302194406C800668C5E /* Sources */ = {
			isa = PBXSourcesBuildPhase;
			buildActionMask = 2147483647;
			files = (
				3FFFA31A194406C900668C5E /* AppDelegate.m in Sources */,
				3FFFA316194406C900668C5E /* main.m in Sources */,
				3FFFA33A194406E600668C5E /* RootViewController.m in Sources */,
			);
			runOnlyForDeploymentPostprocessing = 0;
		};
		3FFFA31D194406C900668C5E /* Sources */ = {
			isa = PBXSourcesBuildPhase;
			buildActionMask = 2147483647;
			files = (
				3FFFA32F194406C900668C5E /* weibo_demoTests.m in Sources */,
			);
			runOnlyForDeploymentPostprocessing = 0;
		};
/* End PBXSourcesBuildPhase section */

/* Begin PBXTargetDependency section */
		3FFFA327194406C900668C5E /* PBXTargetDependency */ = {
			isa = PBXTargetDependency;
			target = 3FFFA305194406C800668C5E /* weibo_demo */;
			targetProxy = 3FFFA326194406C900668C5E /* PBXContainerItemProxy */;
		};
/* End PBXTargetDependency section */

/* Begin PBXVariantGroup section */
		3FFFA312194406C900668C5E /* InfoPlist.strings */ = {
			isa = PBXVariantGroup;
			children = (
				3FFFA313194406C900668C5E /* en */,
			);
			name = InfoPlist.strings;
			sourceTree = "<group>";
		};
		3FFFA32B194406C900668C5E /* InfoPlist.strings */ = {
			isa = PBXVariantGroup;
			children = (
				3FFFA32C194406C900668C5E /* en */,
			);
			name = InfoPlist.strings;
			sourceTree = "<group>";
		};
/* End PBXVariantGroup section */

/* Begin XCBuildConfiguration section */
		3FFFA330194406C900668C5E /* Debug */ = {
			isa = XCBuildConfiguration;
			buildSettings = {
				ALWAYS_SEARCH_USER_PATHS = NO;
				ARCHS = "$(ARCHS_STANDARD_INCLUDING_64_BIT)";
				CLANG_CXX_LANGUAGE_STANDARD = "gnu++0x";
				CLANG_CXX_LIBRARY = "libc++";
				CLANG_ENABLE_MODULES = YES;
				CLANG_ENABLE_OBJC_ARC = YES;
				CLANG_WARN_BOOL_CONVERSION = YES;
				CLANG_WARN_CONSTANT_CONVERSION = YES;
				CLANG_WARN_DIRECT_OBJC_ISA_USAGE = YES_ERROR;
				CLANG_WARN_EMPTY_BODY = YES;
				CLANG_WARN_ENUM_CONVERSION = YES;
				CLANG_WARN_INT_CONVERSION = YES;
				CLANG_WARN_OBJC_ROOT_CLASS = YES_ERROR;
				CLANG_WARN__DUPLICATE_METHOD_MATCH = YES;
				"CODE_SIGN_IDENTITY[sdk=iphoneos*]" = "iPhone Developer";
				COPY_PHASE_STRIP = NO;
				GCC_C_LANGUAGE_STANDARD = gnu99;
				GCC_DYNAMIC_NO_PIC = NO;
				GCC_OPTIMIZATION_LEVEL = 0;
				GCC_PREPROCESSOR_DEFINITIONS = (
					"DEBUG=1",
					"$(inherited)",
				);
				GCC_SYMBOLS_PRIVATE_EXTERN = NO;
				GCC_WARN_64_TO_32_BIT_CONVERSION = YES;
				GCC_WARN_ABOUT_RETURN_TYPE = YES_ERROR;
				GCC_WARN_UNDECLARED_SELECTOR = YES;
				GCC_WARN_UNINITIALIZED_AUTOS = YES;
				GCC_WARN_UNUSED_FUNCTION = YES;
				GCC_WARN_UNUSED_VARIABLE = YES;
				IPHONEOS_DEPLOYMENT_TARGET = 7.0;
				ONLY_ACTIVE_ARCH = YES;
				SDKROOT = iphoneos;
			};
			name = Debug;
		};
		3FFFA331194406C900668C5E /* Release */ = {
			isa = XCBuildConfiguration;
			buildSettings = {
				ALWAYS_SEARCH_USER_PATHS = NO;
				ARCHS = "$(ARCHS_STANDARD_INCLUDING_64_BIT)";
				CLANG_CXX_LANGUAGE_STANDARD = "gnu++0x";
				CLANG_CXX_LIBRARY = "libc++";
				CLANG_ENABLE_MODULES = YES;
				CLANG_ENABLE_OBJC_ARC = YES;
				CLANG_WARN_BOOL_CONVERSION = YES;
				CLANG_WARN_CONSTANT_CONVERSION = YES;
				CLANG_WARN_DIRECT_OBJC_ISA_USAGE = YES_ERROR;
				CLANG_WARN_EMPTY_BODY = YES;
				CLANG_WARN_ENUM_CONVERSION = YES;
				CLANG_WARN_INT_CONVERSION = YES;
				CLANG_WARN_OBJC_ROOT_CLASS = YES_ERROR;
				CLANG_WARN__DUPLICATE_METHOD_MATCH = YES;
				"CODE_SIGN_IDENTITY[sdk=iphoneos*]" = "iPhone Developer";
				COPY_PHASE_STRIP = YES;
				ENABLE_NS_ASSERTIONS = NO;
				GCC_C_LANGUAGE_STANDARD = gnu99;
				GCC_WARN_64_TO_32_BIT_CONVERSION = YES;
				GCC_WARN_ABOUT_RETURN_TYPE = YES_ERROR;
				GCC_WARN_UNDECLARED_SELECTOR = YES;
				GCC_WARN_UNINITIALIZED_AUTOS = YES;
				GCC_WARN_UNUSED_FUNCTION = YES;
				GCC_WARN_UNUSED_VARIABLE = YES;
				IPHONEOS_DEPLOYMENT_TARGET = 7.0;
				SDKROOT = iphoneos;
				VALIDATE_PRODUCT = YES;
			};
			name = Release;
		};
		3FFFA333194406C900668C5E /* Debug */ = {
			isa = XCBuildConfiguration;
			buildSettings = {
				ASSETCATALOG_COMPILER_APPICON_NAME = AppIcon;
				ASSETCATALOG_COMPILER_LAUNCHIMAGE_NAME = LaunchImage;
				GCC_PRECOMPILE_PREFIX_HEADER = YES;
				GCC_PREFIX_HEADER = "weibo_demo/weibo_demo-Prefix.pch";
				INFOPLIST_FILE = "weibo_demo/weibo_demo-Info.plist";
				LIBRARY_SEARCH_PATHS = (
					"$(inherited)",
					/Users/student/Desktop/project/day14/weibo_demo/weibo_demo/libWeiboSDK,
				);
				OTHER_LDFLAGS = "-objC";
				PRODUCT_NAME = "$(TARGET_NAME)";
				WRAPPER_EXTENSION = app;
			};
			name = Debug;
		};
		3FFFA334194406C900668C5E /* Release */ = {
			isa = XCBuildConfiguration;
			buildSettings = {
				ASSETCATALOG_COMPILER_APPICON_NAME = AppIcon;
				ASSETCATALOG_COMPILER_LAUNCHIMAGE_NAME = LaunchImage;
				GCC_PRECOMPILE_PREFIX_HEADER = YES;
				GCC_PREFIX_HEADER = "weibo_demo/weibo_demo-Prefix.pch";
				INFOPLIST_FILE = "weibo_demo/weibo_demo-Info.plist";
				LIBRARY_SEARCH_PATHS = (
					"$(inherited)",
					/Users/student/Desktop/project/day14/weibo_demo/weibo_demo/libWeiboSDK,
				);
				OTHER_LDFLAGS = "-objC";
				PRODUCT_NAME = "$(TARGET_NAME)";
				WRAPPER_EXTENSION = app;
			};
			name = Release;
		};
		3FFFA336194406C900668C5E /* Debug */ = {
			isa = XCBuildConfiguration;
			buildSettings = {
				ARCHS = "$(ARCHS_STANDARD_INCLUDING_64_BIT)";
				BUNDLE_LOADER = "$(BUILT_PRODUCTS_DIR)/weibo_demo.app/weibo_demo";
				FRAMEWORK_SEARCH_PATHS = (
					"$(SDKROOT)/Developer/Library/Frameworks",
					"$(inherited)",
					"$(DEVELOPER_FRAMEWORKS_DIR)",
				);
				GCC_PRECOMPILE_PREFIX_HEADER = YES;
				GCC_PREFIX_HEADER = "weibo_demo/weibo_demo-Prefix.pch";
				GCC_PREPROCESSOR_DEFINITIONS = (
					"DEBUG=1",
					"$(inherited)",
				);
				INFOPLIST_FILE = "weibo_demoTests/weibo_demoTests-Info.plist";
				PRODUCT_NAME = "$(TARGET_NAME)";
				TEST_HOST = "$(BUNDLE_LOADER)";
				WRAPPER_EXTENSION = xctest;
			};
			name = Debug;
		};
		3FFFA337194406C900668C5E /* Release */ = {
			isa = XCBuildConfiguration;
			buildSettings = {
				ARCHS = "$(ARCHS_STANDARD_INCLUDING_64_BIT)";
				BUNDLE_LOADER = "$(BUILT_PRODUCTS_DIR)/weibo_demo.app/weibo_demo";
				FRAMEWORK_SEARCH_PATHS = (
					"$(SDKROOT)/Developer/Library/Frameworks",
					"$(inherited)",
					"$(DEVELOPER_FRAMEWORKS_DIR)",
				);
				GCC_PRECOMPILE_PREFIX_HEADER = YES;
				GCC_PREFIX_HEADER = "weibo_demo/weibo_demo-Prefix.pch";
				INFOPLIST_FILE = "weibo_demoTests/weibo_demoTests-Info.plist";
				PRODUCT_NAME = "$(TARGET_NAME)";
				TEST_HOST = "$(BUNDLE_LOADER)";
				WRAPPER_EXTENSION = xctest;
			};
			name = Release;
		};
/* End XCBuildConfiguration section */

/* Begin XCConfigurationList section */
		3FFFA301194406C800668C5E /* Build configuration list for PBXProject "weibo_demo" */ = {
			isa = XCConfigurationList;
			buildConfigurations = (
				3FFFA330194406C900668C5E /* Debug */,
				3FFFA331194406C900668C5E /* Release */,
			);
			defaultConfigurationIsVisible = 0;
			defaultConfigurationName = Release;
		};
		3FFFA332194406C900668C5E /* Build configuration list for PBXNativeTarget "weibo_demo" */ = {
			isa = XCConfigurationList;
			buildConfigurations = (
				3FFFA333194406C900668C5E /* Debug */,
				3FFFA334194406C900668C5E /* Release */,
			);
			defaultConfigurationIsVisible = 0;
		};
		3FFFA335194406C900668C5E /* Build configuration list for PBXNativeTarget "weibo_demoTests" */ = {
			isa = XCConfigurationList;
			buildConfigurations = (
				3FFFA336194406C900668C5E /* Debug */,
				3FFFA337194406C900668C5E /* Release */,
			);
			defaultConfigurationIsVisible = 0;
		};
/* End XCConfigurationList section */
	};
	rootObject = 3FFFA2FE194406C800668C5E /* Project object */;
}
